
Microsoft Visual Studio Solution File, Format Version 12.00
# Visual Studio 15
VisualStudioVersion = 15.0.28307.779
MinimumVisualStudioVersion = 10.0.40219.1
Project("{FAE04EC0-301F-11D3-BF4B-00C04F79EFBC}") = "Main", "Main\Main.csproj", "{B9BBB06A-46ED-4B50-B292-799F747129CF}"
EndProject
Global
	GlobalSection(SolutionConfigurationPlatforms) = preSolution
		Debug|Any CPU = Debug|Any CPU
		Release|Any CPU = Release|Any CPU
	EndGlobalSection
	GlobalSection(ProjectConfigurationPlatforms) = postSolution
		{B9BBB06A-46ED-4B50-B292-799F747129CF}.Debug|Any CPU.ActiveCfg = Debug|Any CPU
		{B9BBB06A-46ED-4B50-B292-799F747129CF}.Debug|Any CPU.Build.0 = Debug|Any CPU
		{B9BBB06A-46ED-4B50-B292-799F747129CF}.Release|Any CPU.ActiveCfg = Release|Any CPU
		{B9BBB06A-46ED-4B50-B292-799F747129CF}.Release|Any CPU.Build.0 = Release|Any CPU
	EndGlobalSection
	GlobalSection(SolutionProperties) = preSolution
		HideSolutionNode = FALSE
	EndGlobalSection
	GlobalSection(ExtensibilityGlobals) = postSolution
		SolutionGuid = {55D1F371-D417-4527-A4C0-9290D6DF27B6}
	EndGlobalSection
EndGlobal
